
Microsoft Visual Studio Solution File, Format Version 12.00
# Visual Studio Version 17
VisualStudioVersion = 17.3.32922.545
MinimumVisualStudioVersion = 10.0.40219.1
Project("{9A19103F-16F7-4668-BE54-9A1E7A4F7556}") = "Library", "Library\Library.csproj", "{AB9B35FD-F954-4730-AD08-A5416B66ADFB}"
EndProject
Project("{FAE04EC0-301F-11D3-BF4B-00C04F79EFBC}") = "UnitTest", "LibraryTest\UnitTest.csproj", "{0BDA3B63-B3EC-4ABF-AACF-8BDE6F56A810}"
EndProject
Global
	GlobalSection(SolutionConfigurationPlatforms) = preSolution
		Debug|Any CPU = Debug|Any CPU
		Release|Any CPU = Release|Any CPU
	EndGlobalSection
	GlobalSection(ProjectConfigurationPlatforms) = postSolution
		{AB9B35FD-F954-4730-AD08-A5416B66ADFB}.Debug|Any CPU.ActiveCfg = Debug|Any CPU
		{AB9B35FD-F954-4730-AD08-A5416B66ADFB}.Debug|Any CPU.Build.0 = Debug|Any CPU
		{AB9B35FD-F954-4730-AD08-A5416B66ADFB}.Release|Any CPU.ActiveCfg = Release|Any CPU
		{AB9B35FD-F954-4730-AD08-A5416B66ADFB}.Release|Any CPU.Build.0 = Release|Any CPU
		{0BDA3B63-B3EC-4ABF-AACF-8BDE6F56A810}.Debug|Any CPU.ActiveCfg = Debug|Any CPU
		{0BDA3B63-B3EC-4ABF-AACF-8BDE6F56A810}.Debug|Any CPU.Build.0 = Debug|Any CPU
		{0BDA3B63-B3EC-4ABF-AACF-8BDE6F56A810}.Release|Any CPU.ActiveCfg = Release|Any CPU
		{0BDA3B63-B3EC-4ABF-AACF-8BDE6F56A810}.Release|Any CPU.Build.0 = Release|Any CPU
	EndGlobalSection
	GlobalSection(SolutionProperties) = preSolution
		HideSolutionNode = FALSE
	EndGlobalSection
	GlobalSection(ExtensibilityGlobals) = postSolution
		SolutionGuid = {0C7628C4-6311-434C-BE8B-A2CAE891F2FE}
	EndGlobalSection
EndGlobal
